
Microsoft Visual Studio Solution File, Format Version 11.00
# Visual Studio 2010
Project("{FAE04EC0-301F-11D3-BF4B-00C04F79EFBC}") = "Assembly-CSharp", "Assembly-CSharp.csproj", "{A007B021-5CAC-D4D9-81F8-1C592695584E}"
EndProject
Global
	GlobalSection(SolutionConfigurationPlatforms) = preSolution
		Debug|Any CPU = Debug|Any CPU
		Release|Any CPU = Release|Any CPU
	EndGlobalSection
	GlobalSection(ProjectConfigurationPlatforms) = postSolution
		{A007B021-5CAC-D4D9-81F8-1C592695584E}.Debug|Any CPU.ActiveCfg = Debug|Any CPU
		{A007B021-5CAC-D4D9-81F8-1C592695584E}.Debug|Any CPU.Build.0 = Debug|Any CPU
		{A007B021-5CAC-D4D9-81F8-1C592695584E}.Release|Any CPU.ActiveCfg = Release|Any CPU
		{A007B021-5CAC-D4D9-81F8-1C592695584E}.Release|Any CPU.Build.0 = Release|Any CPU
	EndGlobalSection
	GlobalSection(SolutionProperties) = preSolution
		HideSolutionNode = FALSE
	EndGlobalSection
	GlobalSection(MonoDevelopProperties) = preSolution
		StartupItem = Assembly-CSharp.csproj
	EndGlobalSection
EndGlobal
